{
  "name": "testeamos--npm",
  "version": "1.0.0",
  "lockfileVersion": 3,
  "requires": true,
  "packages": {
    "": {
      "name": "testeamos--npm",
      "version": "1.0.0",
      "license": "ISC",
      "dependencies": {
        "nombremuyespecial": "^1.0.0"
      }
    },
    "node_modules/nombremuyespecial": {
      "version": "1.0.0",
      "resolved": "https://registry.npmjs.org/nombremuyespecial/-/nombremuyespecial-1.0.0.tgz",
      "integrity": "sha512-u/UTc2X2Vlje0a28BTyENdSDCmKXkSfyfZbY0HHcMipXm+FzV5Afgtf0VTXmLhPulELTDLrfhvbC/oU+C34kFw==",
      "license": "ISC"
    }
  }
}
